
Microsoft Visual Studio Solution File, Format Version 12.00
# Visual Studio Version 16
VisualStudioVersion = 16.0.29102.190
MinimumVisualStudioVersion = 10.0.40219.1
Project("{9A19103F-16F7-4668-BE54-9A1E7A4F7556}") = "CommandDotNet", "CommandDotNet\CommandDotNet.csproj", "{21FD7AD1-6111-4E10-997F-7284A9CE2D9C}"
EndProject
Project("{9A19103F-16F7-4668-BE54-9A1E7A4F7556}") = "CommandDotNet.Tests", "CommandDotNet.Tests\CommandDotNet.Tests.csproj", "{EE6B70B4-11BB-4C56-B831-8A4F186851F5}"
EndProject
Project("{2150E333-8FDC-42A3-9474-1A3956D46DE8}") = "SolutionFolder", "SolutionFolder", "{4CA1A4AA-7105-4FEC-B88B-3A4AD3BBD6EE}"
	ProjectSection(SolutionItems) = preProject
		.gitignore = .gitignore
		appveyor.yml = appveyor.yml
		README.md = README.md
	EndProjectSection
EndProject
Project("{9A19103F-16F7-4668-BE54-9A1E7A4F7556}") = "CommandDotNet.Example", "CommandDotNet.Example\CommandDotNet.Example.csproj", "{73A0E2B7-F205-47E2-A448-7E5CCD7FD6A5}"
EndProject
Project("{2150E333-8FDC-42A3-9474-1A3956D46DE8}") = "scripts", "scripts", "{6296D4E9-7128-4CFA-BFB9-1DF6004B7626}"
	ProjectSection(SolutionItems) = preProject
		.travis.yml = .travis.yml
		deploy.sh = deploy.sh
	EndProjectSection
EndProject
Project("{9A19103F-16F7-4668-BE54-9A1E7A4F7556}") = "CommandDotNet.NewerReleasesAlerts", "CommandDotNet.NewerReleasesAlerts\CommandDotNet.NewerReleasesAlerts.csproj", "{BB3E8869-107B-4E92-B6A2-2AB3A3CA2D3C}"
EndProject
Project("{9A19103F-16F7-4668-BE54-9A1E7A4F7556}") = "CommandDotNet.TestTools", "CommandDotNet.TestTools\CommandDotNet.TestTools.csproj", "{75706FAE-BFF4-42FC-A5A6-C49744C7967C}"
EndProject
Project("{9A19103F-16F7-4668-BE54-9A1E7A4F7556}") = "CommandDotNet.FluentValidation", "CommandDotNet.FluentValidation\CommandDotNet.FluentValidation.csproj", "{0E741A7F-AD39-431E-9182-4D337451676C}"
EndProject
Project("{9A19103F-16F7-4668-BE54-9A1E7A4F7556}") = "CommandDotNet.NameCasing", "CommandDotNet.NameCasing\CommandDotNet.NameCasing.csproj", "{D229B0C6-8753-491D-8E4A-51790D2D3071}"
EndProject
Project("{9A19103F-16F7-4668-BE54-9A1E7A4F7556}") = "CommandDotNet.IoC.MicrosoftDependencyInjection", "CommandDotNet.IoC.MicrosoftDependencyInjection\CommandDotNet.IoC.MicrosoftDependencyInjection.csproj", "{0FDFD8C4-331D-44A7-B0CE-59B398627139}"
EndProject
Project("{9A19103F-16F7-4668-BE54-9A1E7A4F7556}") = "CommandDotNet.IoC.Autofac", "CommandDotNet.IoC.Autofac\CommandDotNet.IoC.Autofac.csproj", "{AE34E87C-A0A7-4FD8-B49A-5C13012C2C37}"
EndProject
Project("{9A19103F-16F7-4668-BE54-9A1E7A4F7556}") = "CommandDotNet.IoC.SimpleInjector", "CommandDotNet.IoC.SimpleInjector\CommandDotNet.IoC.SimpleInjector.csproj", "{A63D75B2-4CC5-4D6E-A36C-6BCFDB0B577F}"
EndProject
Project("{9A19103F-16F7-4668-BE54-9A1E7A4F7556}") = "CommandDotNet.Example.Tests", "CommandDotNet.Example.Tests\CommandDotNet.Example.Tests.csproj", "{99D43EE7-8FEB-4507-A75E-D6C096C1E9D5}"
EndProject
Project("{FAE04EC0-301F-11D3-BF4B-00C04F79EFBC}") = "CommandDotNet.DataAnnotations", "CommandDotNet.DataAnnotations\CommandDotNet.DataAnnotations.csproj", "{558AA426-06D4-4FC9-B2E5-B6742F0A5D77}"
EndProject
Project("{FAE04EC0-301F-11D3-BF4B-00C04F79EFBC}") = "CommandDotNet.Hosting", "CommandDotNet.Hosting\CommandDotNet.Hosting.csproj", "{969B52A2-8790-47C6-A624-AB7FA1383AE7}"
EndProject
Global
	GlobalSection(SolutionConfigurationPlatforms) = preSolution
		Debug|Any CPU = Debug|Any CPU
		Release|Any CPU = Release|Any CPU
	EndGlobalSection
	GlobalSection(ProjectConfigurationPlatforms) = postSolution
		{21FD7AD1-6111-4E10-997F-7284A9CE2D9C}.Debug|Any CPU.ActiveCfg = Debug|Any CPU
		{21FD7AD1-6111-4E10-997F-7284A9CE2D9C}.Debug|Any CPU.Build.0 = Debug|Any CPU
		{21FD7AD1-6111-4E10-997F-7284A9CE2D9C}.Release|Any CPU.ActiveCfg = Release|Any CPU
		{21FD7AD1-6111-4E10-997F-7284A9CE2D9C}.Release|Any CPU.Build.0 = Release|Any CPU
		{EE6B70B4-11BB-4C56-B831-8A4F186851F5}.Debug|Any CPU.ActiveCfg = Debug|Any CPU
		{EE6B70B4-11BB-4C56-B831-8A4F186851F5}.Debug|Any CPU.Build.0 = Debug|Any CPU
		{EE6B70B4-11BB-4C56-B831-8A4F186851F5}.Release|Any CPU.ActiveCfg = Release|Any CPU
		{EE6B70B4-11BB-4C56-B831-8A4F186851F5}.Release|Any CPU.Build.0 = Release|Any CPU
		{73A0E2B7-F205-47E2-A448-7E5CCD7FD6A5}.Debug|Any CPU.ActiveCfg = Debug|Any CPU
		{73A0E2B7-F205-47E2-A448-7E5CCD7FD6A5}.Debug|Any CPU.Build.0 = Debug|Any CPU
		{73A0E2B7-F205-47E2-A448-7E5CCD7FD6A5}.Release|Any CPU.ActiveCfg = Release|Any CPU
		{73A0E2B7-F205-47E2-A448-7E5CCD7FD6A5}.Release|Any CPU.Build.0 = Release|Any CPU
		{BB3E8869-107B-4E92-B6A2-2AB3A3CA2D3C}.Debug|Any CPU.ActiveCfg = Debug|Any CPU
		{BB3E8869-107B-4E92-B6A2-2AB3A3CA2D3C}.Debug|Any CPU.Build.0 = Debug|Any CPU
		{BB3E8869-107B-4E92-B6A2-2AB3A3CA2D3C}.Release|Any CPU.ActiveCfg = Release|Any CPU
		{BB3E8869-107B-4E92-B6A2-2AB3A3CA2D3C}.Release|Any CPU.Build.0 = Release|Any CPU
		{75706FAE-BFF4-42FC-A5A6-C49744C7967C}.Debug|Any CPU.ActiveCfg = Debug|Any CPU
		{75706FAE-BFF4-42FC-A5A6-C49744C7967C}.Debug|Any CPU.Build.0 = Debug|Any CPU
		{75706FAE-BFF4-42FC-A5A6-C49744C7967C}.Release|Any CPU.ActiveCfg = Release|Any CPU
		{75706FAE-BFF4-42FC-A5A6-C49744C7967C}.Release|Any CPU.Build.0 = Release|Any CPU
		{0E741A7F-AD39-431E-9182-4D337451676C}.Debug|Any CPU.ActiveCfg = Debug|Any CPU
		{0E741A7F-AD39-431E-9182-4D337451676C}.Debug|Any CPU.Build.0 = Debug|Any CPU
		{0E741A7F-AD39-431E-9182-4D337451676C}.Release|Any CPU.ActiveCfg = Release|Any CPU
		{0E741A7F-AD39-431E-9182-4D337451676C}.Release|Any CPU.Build.0 = Release|Any CPU
		{D229B0C6-8753-491D-8E4A-51790D2D3071}.Debug|Any CPU.ActiveCfg = Debug|Any CPU
		{D229B0C6-8753-491D-8E4A-51790D2D3071}.Debug|Any CPU.Build.0 = Debug|Any CPU
		{D229B0C6-8753-491D-8E4A-51790D2D3071}.Release|Any CPU.ActiveCfg = Release|Any CPU
		{D229B0C6-8753-491D-8E4A-51790D2D3071}.Release|Any CPU.Build.0 = Release|Any CPU
		{0FDFD8C4-331D-44A7-B0CE-59B398627139}.Debug|Any CPU.ActiveCfg = Debug|Any CPU
		{0FDFD8C4-331D-44A7-B0CE-59B398627139}.Debug|Any CPU.Build.0 = Debug|Any CPU
		{0FDFD8C4-331D-44A7-B0CE-59B398627139}.Release|Any CPU.ActiveCfg = Release|Any CPU
		{0FDFD8C4-331D-44A7-B0CE-59B398627139}.Release|Any CPU.Build.0 = Release|Any CPU
		{AE34E87C-A0A7-4FD8-B49A-5C13012C2C37}.Debug|Any CPU.ActiveCfg = Debug|Any CPU
		{AE34E87C-A0A7-4FD8-B49A-5C13012C2C37}.Debug|Any CPU.Build.0 = Debug|Any CPU
		{AE34E87C-A0A7-4FD8-B49A-5C13012C2C37}.Release|Any CPU.ActiveCfg = Release|Any CPU
		{AE34E87C-A0A7-4FD8-B49A-5C13012C2C37}.Release|Any CPU.Build.0 = Release|Any CPU
		{A63D75B2-4CC5-4D6E-A36C-6BCFDB0B577F}.Debug|Any CPU.ActiveCfg = Debug|Any CPU
		{A63D75B2-4CC5-4D6E-A36C-6BCFDB0B577F}.Debug|Any CPU.Build.0 = Debug|Any CPU
		{A63D75B2-4CC5-4D6E-A36C-6BCFDB0B577F}.Release|Any CPU.ActiveCfg = Release|Any CPU
		{A63D75B2-4CC5-4D6E-A36C-6BCFDB0B577F}.Release|Any CPU.Build.0 = Release|Any CPU
		{99D43EE7-8FEB-4507-A75E-D6C096C1E9D5}.Debug|Any CPU.ActiveCfg = Debug|Any CPU
		{99D43EE7-8FEB-4507-A75E-D6C096C1E9D5}.Debug|Any CPU.Build.0 = Debug|Any CPU
		{99D43EE7-8FEB-4507-A75E-D6C096C1E9D5}.Release|Any CPU.ActiveCfg = Release|Any CPU
		{99D43EE7-8FEB-4507-A75E-D6C096C1E9D5}.Release|Any CPU.Build.0 = Release|Any CPU
		{558AA426-06D4-4FC9-B2E5-B6742F0A5D77}.Debug|Any CPU.ActiveCfg = Debug|Any CPU
		{558AA426-06D4-4FC9-B2E5-B6742F0A5D77}.Debug|Any CPU.Build.0 = Debug|Any CPU
		{558AA426-06D4-4FC9-B2E5-B6742F0A5D77}.Release|Any CPU.ActiveCfg = Release|Any CPU
		{558AA426-06D4-4FC9-B2E5-B6742F0A5D77}.Release|Any CPU.Build.0 = Release|Any CPU
		{969B52A2-8790-47C6-A624-AB7FA1383AE7}.Debug|Any CPU.ActiveCfg = Debug|Any CPU
		{969B52A2-8790-47C6-A624-AB7FA1383AE7}.Debug|Any CPU.Build.0 = Debug|Any CPU
		{969B52A2-8790-47C6-A624-AB7FA1383AE7}.Release|Any CPU.ActiveCfg = Release|Any CPU
		{969B52A2-8790-47C6-A624-AB7FA1383AE7}.Release|Any CPU.Build.0 = Release|Any CPU
		{1149E03F-FF07-448A-BB42-82876459B138}.Debug|Any CPU.ActiveCfg = Debug|Any CPU
		{1149E03F-FF07-448A-BB42-82876459B138}.Debug|Any CPU.Build.0 = Debug|Any CPU
		{1149E03F-FF07-448A-BB42-82876459B138}.Release|Any CPU.ActiveCfg = Release|Any CPU
		{1149E03F-FF07-448A-BB42-82876459B138}.Release|Any CPU.Build.0 = Release|Any CPU
	EndGlobalSection
	GlobalSection(SolutionProperties) = preSolution
		HideSolutionNode = FALSE
	EndGlobalSection
	GlobalSection(NestedProjects) = preSolution
		{6296D4E9-7128-4CFA-BFB9-1DF6004B7626} = {4CA1A4AA-7105-4FEC-B88B-3A4AD3BBD6EE}
	EndGlobalSection
	GlobalSection(ExtensibilityGlobals) = postSolution
		SolutionGuid = {76B1D071-687E-43CF-9304-F547B1FB51F3}
	EndGlobalSection
EndGlobal
